
Microsoft Visual Studio Solution File, Format Version 11.00
# Visual Studio 2010
Project("{FAE04EC0-301F-11D3-BF4B-00C04F79EFBC}") = "Subspace-Example-1", "Subspace-Example\Subspace-Example-1.csproj", "{DA3D07E3-C43E-4A15-8FD1-73A082ADC01D}"
EndProject
Project("{FAE04EC0-301F-11D3-BF4B-00C04F79EFBC}") = "Subspace-Example-2", "Subspace-Example-2\Subspace-Example-2.csproj", "{F923EB58-9F98-44FB-AB0B-2AAB19D7B6B3}"
EndProject
Global
	GlobalSection(SolutionConfigurationPlatforms) = preSolution
		Debug|Any CPU = Debug|Any CPU
		Release|Any CPU = Release|Any CPU
	EndGlobalSection
	GlobalSection(ProjectConfigurationPlatforms) = postSolution
		{DA3D07E3-C43E-4A15-8FD1-73A082ADC01D}.Debug|Any CPU.ActiveCfg = Debug|Any CPU
		{DA3D07E3-C43E-4A15-8FD1-73A082ADC01D}.Debug|Any CPU.Build.0 = Debug|Any CPU
		{DA3D07E3-C43E-4A15-8FD1-73A082ADC01D}.Release|Any CPU.ActiveCfg = Release|Any CPU
		{DA3D07E3-C43E-4A15-8FD1-73A082ADC01D}.Release|Any CPU.Build.0 = Release|Any CPU
		{F923EB58-9F98-44FB-AB0B-2AAB19D7B6B3}.Debug|Any CPU.ActiveCfg = Debug|Any CPU
		{F923EB58-9F98-44FB-AB0B-2AAB19D7B6B3}.Debug|Any CPU.Build.0 = Debug|Any CPU
		{F923EB58-9F98-44FB-AB0B-2AAB19D7B6B3}.Release|Any CPU.ActiveCfg = Release|Any CPU
		{F923EB58-9F98-44FB-AB0B-2AAB19D7B6B3}.Release|Any CPU.Build.0 = Release|Any CPU
	EndGlobalSection
	GlobalSection(MonoDevelopProperties) = preSolution
		StartupItem = Subspace-Example\Subspace-Example-1.csproj
	EndGlobalSection
EndGlobal
